
Microsoft Visual Studio Solution File, Format Version 12.00
# Visual Studio 2013
VisualStudioVersion = 12.0.21005.1
MinimumVisualStudioVersion = 10.0.40219.1
Project("{FAE04EC0-301F-11D3-BF4B-00C04F79EFBC}") = "Models", "Models\Models.csproj", "{3C05EA11-E05B-4CC7-95F6-D361124611B6}"
EndProject
Project("{FAE04EC0-301F-11D3-BF4B-00C04F79EFBC}") = "Dal", "Dal\Dal.csproj", "{FB222992-8A77-4718-8FB7-BB49AF615C0F}"
EndProject
Project("{FAE04EC0-301F-11D3-BF4B-00C04F79EFBC}") = "EmployeeWebAPI", "EmployeeWebAPI\EmployeeWebAPI.csproj", "{D6D58027-7009-4C9B-A082-233F4E27CBE2}"
EndProject
Project("{FAE04EC0-301F-11D3-BF4B-00C04F79EFBC}") = "EmployeeAppl", "EmployeeAppl\EmployeeAppl.csproj", "{FB203584-9CED-4F6C-B58C-78FC3B8A20D1}"
EndProject
Global
	GlobalSection(SolutionConfigurationPlatforms) = preSolution
		Debug|Any CPU = Debug|Any CPU
		Release|Any CPU = Release|Any CPU
	EndGlobalSection
	GlobalSection(ProjectConfigurationPlatforms) = postSolution
		{3C05EA11-E05B-4CC7-95F6-D361124611B6}.Debug|Any CPU.ActiveCfg = Debug|Any CPU
		{3C05EA11-E05B-4CC7-95F6-D361124611B6}.Debug|Any CPU.Build.0 = Debug|Any CPU
		{3C05EA11-E05B-4CC7-95F6-D361124611B6}.Release|Any CPU.ActiveCfg = Release|Any CPU
		{3C05EA11-E05B-4CC7-95F6-D361124611B6}.Release|Any CPU.Build.0 = Release|Any CPU
		{FB222992-8A77-4718-8FB7-BB49AF615C0F}.Debug|Any CPU.ActiveCfg = Debug|Any CPU
		{FB222992-8A77-4718-8FB7-BB49AF615C0F}.Debug|Any CPU.Build.0 = Debug|Any CPU
		{FB222992-8A77-4718-8FB7-BB49AF615C0F}.Release|Any CPU.ActiveCfg = Release|Any CPU
		{FB222992-8A77-4718-8FB7-BB49AF615C0F}.Release|Any CPU.Build.0 = Release|Any CPU
		{D6D58027-7009-4C9B-A082-233F4E27CBE2}.Debug|Any CPU.ActiveCfg = Debug|Any CPU
		{D6D58027-7009-4C9B-A082-233F4E27CBE2}.Debug|Any CPU.Build.0 = Debug|Any CPU
		{D6D58027-7009-4C9B-A082-233F4E27CBE2}.Release|Any CPU.ActiveCfg = Release|Any CPU
		{D6D58027-7009-4C9B-A082-233F4E27CBE2}.Release|Any CPU.Build.0 = Release|Any CPU
		{FB203584-9CED-4F6C-B58C-78FC3B8A20D1}.Debug|Any CPU.ActiveCfg = Debug|Any CPU
		{FB203584-9CED-4F6C-B58C-78FC3B8A20D1}.Debug|Any CPU.Build.0 = Debug|Any CPU
		{FB203584-9CED-4F6C-B58C-78FC3B8A20D1}.Release|Any CPU.ActiveCfg = Release|Any CPU
		{FB203584-9CED-4F6C-B58C-78FC3B8A20D1}.Release|Any CPU.Build.0 = Release|Any CPU
	EndGlobalSection
	GlobalSection(SolutionProperties) = preSolution
		HideSolutionNode = FALSE
	EndGlobalSection
EndGlobal
